
Microsoft Visual Studio Solution File, Format Version 12.00
# Visual Studio Version 17
VisualStudioVersion = 17.2.32526.322
MinimumVisualStudioVersion = 10.0.40219.1
Project("{FAE04EC0-301F-11D3-BF4B-00C04F79EFBC}") = "Construction", "ConsoleApp1\Construction.csproj", "{525AB1DB-D173-4981-A8B7-51257BD95F4D}"
EndProject
Project("{9A19103F-16F7-4668-BE54-9A1E7A4F7556}") = "ChatEtChien", "ChatEtChien\ChatEtChien.csproj", "{56A1A9F7-0F39-4245-8679-4D356128C4AC}"
EndProject
Project("{FAE04EC0-301F-11D3-BF4B-00C04F79EFBC}") = "NuGetTest", "NuGetTest\NuGetTest.csproj", "{8E60250D-1A02-4142-A885-B67E36C49E88}"
EndProject
Global
	GlobalSection(SolutionConfigurationPlatforms) = preSolution
		Debug|Any CPU = Debug|Any CPU
		Release|Any CPU = Release|Any CPU
	EndGlobalSection
	GlobalSection(ProjectConfigurationPlatforms) = postSolution
		{525AB1DB-D173-4981-A8B7-51257BD95F4D}.Debug|Any CPU.ActiveCfg = Debug|Any CPU
		{525AB1DB-D173-4981-A8B7-51257BD95F4D}.Debug|Any CPU.Build.0 = Debug|Any CPU
		{525AB1DB-D173-4981-A8B7-51257BD95F4D}.Release|Any CPU.ActiveCfg = Release|Any CPU
		{525AB1DB-D173-4981-A8B7-51257BD95F4D}.Release|Any CPU.Build.0 = Release|Any CPU
		{56A1A9F7-0F39-4245-8679-4D356128C4AC}.Debug|Any CPU.ActiveCfg = Debug|Any CPU
		{56A1A9F7-0F39-4245-8679-4D356128C4AC}.Debug|Any CPU.Build.0 = Debug|Any CPU
		{56A1A9F7-0F39-4245-8679-4D356128C4AC}.Release|Any CPU.ActiveCfg = Release|Any CPU
		{56A1A9F7-0F39-4245-8679-4D356128C4AC}.Release|Any CPU.Build.0 = Release|Any CPU
		{8E60250D-1A02-4142-A885-B67E36C49E88}.Debug|Any CPU.ActiveCfg = Debug|Any CPU
		{8E60250D-1A02-4142-A885-B67E36C49E88}.Debug|Any CPU.Build.0 = Debug|Any CPU
		{8E60250D-1A02-4142-A885-B67E36C49E88}.Release|Any CPU.ActiveCfg = Release|Any CPU
		{8E60250D-1A02-4142-A885-B67E36C49E88}.Release|Any CPU.Build.0 = Release|Any CPU
	EndGlobalSection
	GlobalSection(SolutionProperties) = preSolution
		HideSolutionNode = FALSE
	EndGlobalSection
	GlobalSection(ExtensibilityGlobals) = postSolution
		SolutionGuid = {DFD9C1EF-3905-4CFD-A50F-AE67E9331164}
	EndGlobalSection
EndGlobal
